// !$*UTF8*$!
{
	archiveVersion = 1;
	classes = {
	};
	objectVersion = 46;
	objects = {

/* Begin PBXBuildFile section */
		C926A4F118FD8C5A00017BEC /* AVFoundation.framework in Frameworks */ = {isa = PBXBuildFile; fileRef = C926A4F018FD8C5A00017BEC /* AVFoundation.framework */; };
		C9709C5218FC5F860012B8C8 /* Foundation.framework in Frameworks */ = {isa = PBXBuildFile; fileRef = C9709C5118FC5F860012B8C8 /* Foundation.framework */; };
		C9709C5418FC5F860012B8C8 /* CoreGraphics.framework in Frameworks */ = {isa = PBXBuildFile; fileRef = C9709C5318FC5F860012B8C8 /* CoreGraphics.framework */; };
		C9709C5618FC5F860012B8C8 /* UIKit.framework in Frameworks */ = {isa = PBXBuildFile; fileRef = C9709C5518FC5F860012B8C8 /* UIKit.framework */; };
		C9709C5C18FC5F860012B8C8 /* InfoPlist.strings in Resources */ = {isa = PBXBuildFile; fileRef = C9709C5A18FC5F860012B8C8 /* InfoPlist.strings */; };
		C9709C5E18FC5F860012B8C8 /* main.m in Sources */ = {isa = PBXBuildFile; fileRef = C9709C5D18FC5F860012B8C8 /* main.m */; };
		C9709C6218FC5F860012B8C8 /* MVAppDelegate.m in Sources */ = {isa = PBXBuildFile; fileRef = C9709C6118FC5F860012B8C8 /* MVAppDelegate.m */; };
		C9709C6518FC5F860012B8C8 /* Main.storyboard in Resources */ = {isa = PBXBuildFile; fileRef = C9709C6318FC5F860012B8C8 /* Main.storyboard */; };
		C9709C6818FC5F860012B8C8 /* MVViewController.m in Sources */ = {isa = PBXBuildFile; fileRef = C9709C6718FC5F860012B8C8 /* MVViewController.m */; };
		C9709C6A18FC5F860012B8C8 /* Images.xcassets in Resources */ = {isa = PBXBuildFile; fileRef = C9709C6918FC5F860012B8C8 /* Images.xcassets */; };
		C9709C7118FC5F860012B8C8 /* XCTest.framework in Frameworks */ = {isa = PBXBuildFile; fileRef = C9709C7018FC5F860012B8C8 /* XCTest.framework */; };
		C9709C7218FC5F860012B8C8 /* Foundation.framework in Frameworks */ = {isa = PBXBuildFile; fileRef = C9709C5118FC5F860012B8C8 /* Foundation.framework */; };
		C9709C7318FC5F860012B8C8 /* UIKit.framework in Frameworks */ = {isa = PBXBuildFile; fileRef = C9709C5518FC5F860012B8C8 /* UIKit.framework */; };
		C9709C7B18FC5F860012B8C8 /* InfoPlist.strings in Resources */ = {isa = PBXBuildFile; fileRef = C9709C7918FC5F860012B8C8 /* InfoPlist.strings */; };
		C9709C7D18FC5F860012B8C8 /* Morse_CodeTests.m in Sources */ = {isa = PBXBuildFile; fileRef = C9709C7C18FC5F860012B8C8 /* Morse_CodeTests.m */; };
		C9C973E218FC79100025317F /* NSString+MorseCodeString.m in Sources */ = {isa = PBXBuildFile; fileRef = C9C973E118FC79100025317F /* NSString+MorseCodeString.m */; };
/* End PBXBuildFile section */

/* Begin PBXContainerItemProxy section */
		C9709C7418FC5F860012B8C8 /* PBXContainerItemProxy */ = {
			isa = PBXContainerItemProxy;
			containerPortal = C9709C4618FC5F860012B8C8 /* Project object */;
			proxyType = 1;
			remoteGlobalIDString = C9709C4D18FC5F860012B8C8;
			remoteInfo = "Morse Code";
		};
/* End PBXContainerItemProxy section */

/* Begin PBXFileReference section */
		C926A4F018FD8C5A00017BEC /* AVFoundation.framework */ = {isa = PBXFileReference; lastKnownFileType = wrapper.framework; name = AVFoundation.framework; path = System/Library/Frameworks/AVFoundation.framework; sourceTree = SDKROOT; };
		C9709C4E18FC5F860012B8C8 /* Morse Code.app */ = {isa = PBXFileReference; explicitFileType = wrapper.application; includeInIndex = 0; path = "Morse Code.app"; sourceTree = BUILT_PRODUCTS_DIR; };
		C9709C5118FC5F860012B8C8 /* Foundation.framework */ = {isa = PBXFileReference; lastKnownFileType = wrapper.framework; name = Foundation.framework; path = System/Library/Frameworks/Foundation.framework; sourceTree = SDKROOT; };
		C9709C5318FC5F860012B8C8 /* CoreGraphics.framework */ = {isa = PBXFileReference; lastKnownFileType = wrapper.framework; name = CoreGraphics.framework; path = System/Library/Frameworks/CoreGraphics.framework; sourceTree = SDKROOT; };
		C9709C5518FC5F860012B8C8 /* UIKit.framework */ = {isa = PBXFileReference; lastKnownFileType = wrapper.framework; name = UIKit.framework; path = System/Library/Frameworks/UIKit.framework; sourceTree = SDKROOT; };
		C9709C5918FC5F860012B8C8 /* Morse Code-Info.plist */ = {isa = PBXFileReference; lastKnownFileType = text.plist.xml; path = "Morse Code-Info.plist"; sourceTree = "<group>"; };
		C9709C5B18FC5F860012B8C8 /* en */ = {isa = PBXFileReference; lastKnownFileType = text.plist.strings; name = en; path = en.lproj/InfoPlist.strings; sourceTree = "<group>"; };
		C9709C5D18FC5F860012B8C8 /* main.m */ = {isa = PBXFileReference; lastKnownFileType = sourcecode.c.objc; path = main.m; sourceTree = "<group>"; };
		C9709C5F18FC5F860012B8C8 /* Morse Code-Prefix.pch */ = {isa = PBXFileReference; lastKnownFileType = sourcecode.c.h; path = "Morse Code-Prefix.pch"; sourceTree = "<group>"; };
		C9709C6018FC5F860012B8C8 /* MVAppDelegate.h */ = {isa = PBXFileReference; lastKnownFileType = sourcecode.c.h; path = MVAppDelegate.h; sourceTree = "<group>"; };
		C9709C6118FC5F860012B8C8 /* MVAppDelegate.m */ = {isa = PBXFileReference; lastKnownFileType = sourcecode.c.objc; path = MVAppDelegate.m; sourceTree = "<group>"; };
		C9709C6418FC5F860012B8C8 /* Base */ = {isa = PBXFileReference; lastKnownFileType = file.storyboard; name = Base; path = Base.lproj/Main.storyboard; sourceTree = "<group>"; };
		C9709C6618FC5F860012B8C8 /* MVViewController.h */ = {isa = PBXFileReference; lastKnownFileType = sourcecode.c.h; path = MVViewController.h; sourceTree = "<group>"; };
		C9709C6718FC5F860012B8C8 /* MVViewController.m */ = {isa = PBXFileReference; lastKnownFileType = sourcecode.c.objc; path = MVViewController.m; sourceTree = "<group>"; };
		C9709C6918FC5F860012B8C8 /* Images.xcassets */ = {isa = PBXFileReference; lastKnownFileType = folder.assetcatalog; path = Images.xcassets; sourceTree = "<group>"; };
		C9709C6F18FC5F860012B8C8 /* Morse CodeTests.xctest */ = {isa = PBXFileReference; explicitFileType = wrapper.cfbundle; includeInIndex = 0; path = "Morse CodeTests.xctest"; sourceTree = BUILT_PRODUCTS_DIR; };
		C9709C7018FC5F860012B8C8 /* XCTest.framework */ = {isa = PBXFileReference; lastKnownFileType = wrapper.framework; name = XCTest.framework; path = Library/Frameworks/XCTest.framework; sourceTree = DEVELOPER_DIR; };
		C9709C7818FC5F860012B8C8 /* Morse CodeTests-Info.plist */ = {isa = PBXFileReference; lastKnownFileType = text.plist.xml; path = "Morse CodeTests-Info.plist"; sourceTree = "<group>"; };
		C9709C7A18FC5F860012B8C8 /* en */ = {isa = PBXFileReference; lastKnownFileType = text.plist.strings; name = en; path = en.lproj/InfoPlist.strings; sourceTree = "<group>"; };
		C9709C7C18FC5F860012B8C8 /* Morse_CodeTests.m */ = {isa = PBXFileReference; lastKnownFileType = sourcecode.c.objc; path = Morse_CodeTests.m; sourceTree = "<group>"; };
		C9C973E018FC79100025317F /* NSString+MorseCodeString.h */ = {isa = PBXFileReference; fileEncoding = 4; lastKnownFileType = sourcecode.c.h; path = "NSString+MorseCodeString.h"; sourceTree = "<group>"; };
		C9C973E118FC79100025317F /* NSString+MorseCodeString.m */ = {isa = PBXFileReference; fileEncoding = 4; lastKnownFileType = sourcecode.c.objc; path = "NSString+MorseCodeString.m"; sourceTree = "<group>"; };
/* End PBXFileReference section */

/* Begin PBXFrameworksBuildPhase section */
		C9709C4B18FC5F860012B8C8 /* Frameworks */ = {
			isa = PBXFrameworksBuildPhase;
			buildActionMask = 2147483647;
			files = (
				C926A4F118FD8C5A00017BEC /* AVFoundation.framework in Frameworks */,
				C9709C5418FC5F860012B8C8 /* CoreGraphics.framework in Frameworks */,
				C9709C5618FC5F860012B8C8 /* UIKit.framework in Frameworks */,
				C9709C5218FC5F860012B8C8 /* Foundation.framework in Frameworks */,
			);
			runOnlyForDeploymentPostprocessing = 0;
		};
		C9709C6C18FC5F860012B8C8 /* Frameworks */ = {
			isa = PBXFrameworksBuildPhase;
			buildActionMask = 2147483647;
			files = (
				C9709C7118FC5F860012B8C8 /* XCTest.framework in Frameworks */,
				C9709C7318FC5F860012B8C8 /* UIKit.framework in Frameworks */,
				C9709C7218FC5F860012B8C8 /* Foundation.framework in Frameworks */,
			);
			runOnlyForDeploymentPostprocessing = 0;
		};
/* End PBXFrameworksBuildPhase section */

/* Begin PBXGroup section */
		C9709C4518FC5F860012B8C8 = {
			isa = PBXGroup;
			children = (
				C9709C5718FC5F860012B8C8 /* Morse Code */,
				C9709C7618FC5F860012B8C8 /* Morse CodeTests */,
				C9709C5018FC5F860012B8C8 /* Frameworks */,
				C9709C4F18FC5F860012B8C8 /* Products */,
			);
			sourceTree = "<group>";
		};
		C9709C4F18FC5F860012B8C8 /* Products */ = {
			isa = PBXGroup;
			children = (
				C9709C4E18FC5F860012B8C8 /* Morse Code.app */,
				C9709C6F18FC5F860012B8C8 /* Morse CodeTests.xctest */,
			);
			name = Products;
			sourceTree = "<group>";
		};
		C9709C5018FC5F860012B8C8 /* Frameworks */ = {
			isa = PBXGroup;
			children = (
				C926A4F018FD8C5A00017BEC /* AVFoundation.framework */,
				C9709C5118FC5F860012B8C8 /* Foundation.framework */,
				C9709C5318FC5F860012B8C8 /* CoreGraphics.framework */,
				C9709C5518FC5F860012B8C8 /* UIKit.framework */,
				C9709C7018FC5F860012B8C8 /* XCTest.framework */,
			);
			name = Frameworks;
			sourceTree = "<group>";
		};
		C9709C5718FC5F860012B8C8 /* Morse Code */ = {
			isa = PBXGroup;
			children = (
				C9709C6018FC5F860012B8C8 /* MVAppDelegate.h */,
				C9709C6118FC5F860012B8C8 /* MVAppDelegate.m */,
				C9709C6318FC5F860012B8C8 /* Main.storyboard */,
				C9709C6618FC5F860012B8C8 /* MVViewController.h */,
				C9709C6718FC5F860012B8C8 /* MVViewController.m */,
				C9C973E018FC79100025317F /* NSString+MorseCodeString.h */,
				C9C973E118FC79100025317F /* NSString+MorseCodeString.m */,
				C9709C6918FC5F860012B8C8 /* Images.xcassets */,
				C9709C5818FC5F860012B8C8 /* Supporting Files */,
			);
			path = "Morse Code";
			sourceTree = "<group>";
		};
		C9709C5818FC5F860012B8C8 /* Supporting Files */ = {
			isa = PBXGroup;
			children = (
				C9709C5918FC5F860012B8C8 /* Morse Code-Info.plist */,
				C9709C5A18FC5F860012B8C8 /* InfoPlist.strings */,
				C9709C5D18FC5F860012B8C8 /* main.m */,
				C9709C5F18FC5F860012B8C8 /* Morse Code-Prefix.pch */,
			);
			name = "Supporting Files";
			sourceTree = "<group>";
		};
		C9709C7618FC5F860012B8C8 /* Morse CodeTests */ = {
			isa = PBXGroup;
			children = (
				C9709C7C18FC5F860012B8C8 /* Morse_CodeTests.m */,
				C9709C7718FC5F860012B8C8 /* Supporting Files */,
			);
			path = "Morse CodeTests";
			sourceTree = "<group>";
		};
		C9709C7718FC5F860012B8C8 /* Supporting Files */ = {
			isa = PBXGroup;
			children = (
				C9709C7818FC5F860012B8C8 /* Morse CodeTests-Info.plist */,
				C9709C7918FC5F860012B8C8 /* InfoPlist.strings */,
			);
			name = "Supporting Files";
			sourceTree = "<group>";
		};
/* End PBXGroup section */

/* Begin PBXNativeTarget section */
		C9709C4D18FC5F860012B8C8 /* Morse Code */ = {
			isa = PBXNativeTarget;
			buildConfigurationList = C9709C8018FC5F860012B8C8 /* Build configuration list for PBXNativeTarget "Morse Code" */;
			buildPhases = (
				C9709C4A18FC5F860012B8C8 /* Sources */,
				C9709C4B18FC5F860012B8C8 /* Frameworks */,
				C9709C4C18FC5F860012B8C8 /* Resources */,
			);
			buildRules = (
			);
			dependencies = (
			);
			name = "Morse Code";
			productName = "Morse Code";
			productReference = C9709C4E18FC5F860012B8C8 /* Morse Code.app */;
			productType = "com.apple.product-type.application";
		};
		C9709C6E18FC5F860012B8C8 /* Morse CodeTests */ = {
			isa = PBXNativeTarget;
			buildConfigurationList = C9709C8318FC5F860012B8C8 /* Build configuration list for PBXNativeTarget "Morse CodeTests" */;
			buildPhases = (
				C9709C6B18FC5F860012B8C8 /* Sources */,
				C9709C6C18FC5F860012B8C8 /* Frameworks */,
				C9709C6D18FC5F860012B8C8 /* Resources */,
			);
			buildRules = (
			);
			dependencies = (
				C9709C7518FC5F860012B8C8 /* PBXTargetDependency */,
			);
			name = "Morse CodeTests";
			productName = "Morse CodeTests";
			productReference = C9709C6F18FC5F860012B8C8 /* Morse CodeTests.xctest */;
			productType = "com.apple.product-type.bundle.unit-test";
		};
/* End PBXNativeTarget section */

/* Begin PBXProject section */
		C9709C4618FC5F860012B8C8 /* Project object */ = {
			isa = PBXProject;
			attributes = {
				CLASSPREFIX = MV;
				LastUpgradeCheck = 0510;
				ORGANIZATIONNAME = "Matthew Voss";
				TargetAttributes = {
					C9709C6E18FC5F860012B8C8 = {
						TestTargetID = C9709C4D18FC5F860012B8C8;
					};
				};
			};
			buildConfigurationList = C9709C4918FC5F860012B8C8 /* Build configuration list for PBXProject "Morse Code" */;
			compatibilityVersion = "Xcode 3.2";
			developmentRegion = English;
			hasScannedForEncodings = 0;
			knownRegions = (
				en,
				Base,
			);
			mainGroup = C9709C4518FC5F860012B8C8;
			productRefGroup = C9709C4F18FC5F860012B8C8 /* Products */;
			projectDirPath = "";
			projectRoot = "";
			targets = (
				C9709C4D18FC5F860012B8C8 /* Morse Code */,
				C9709C6E18FC5F860012B8C8 /* Morse CodeTests */,
			);
		};
/* End PBXProject section */

/* Begin PBXResourcesBuildPhase section */
		C9709C4C18FC5F860012B8C8 /* Resources */ = {
			isa = PBXResourcesBuildPhase;
			buildActionMask = 2147483647;
			files = (
				C9709C6A18FC5F860012B8C8 /* Images.xcassets in Resources */,
				C9709C5C18FC5F860012B8C8 /* InfoPlist.strings in Resources */,
				C9709C6518FC5F860012B8C8 /* Main.storyboard in Resources */,
			);
			runOnlyForDeploymentPostprocessing = 0;
		};
		C9709C6D18FC5F860012B8C8 /* Resources */ = {
			isa = PBXResourcesBuildPhase;
			buildActionMask = 2147483647;
			files = (
				C9709C7B18FC5F860012B8C8 /* InfoPlist.strings in Resources */,
			);
			runOnlyForDeploymentPostprocessing = 0;
		};
/* End PBXResourcesBuildPhase section */

/* Begin PBXSourcesBuildPhase section */
		C9709C4A18FC5F860012B8C8 /* Sources */ = {
			isa = PBXSourcesBuildPhase;
			buildActionMask = 2147483647;
			files = (
				C9C973E218FC79100025317F /* NSString+MorseCodeString.m in Sources */,
				C9709C5E18FC5F860012B8C8 /* main.m in Sources */,
				C9709C6818FC5F860012B8C8 /* MVViewController.m in Sources */,
				C9709C6218FC5F860012B8C8 /* MVAppDelegate.m in Sources */,
			);
			runOnlyForDeploymentPostprocessing = 0;
		};
		C9709C6B18FC5F860012B8C8 /* Sources */ = {
			isa = PBXSourcesBuildPhase;
			buildActionMask = 2147483647;
			files = (
				C9709C7D18FC5F860012B8C8 /* Morse_CodeTests.m in Sources */,
			);
			runOnlyForDeploymentPostprocessing = 0;
		};
/* End PBXSourcesBuildPhase section */

/* Begin PBXTargetDependency section */
		C9709C7518FC5F860012B8C8 /* PBXTargetDependency */ = {
			isa = PBXTargetDependency;
			target = C9709C4D18FC5F860012B8C8 /* Morse Code */;
			targetProxy = C9709C7418FC5F860012B8C8 /* PBXContainerItemProxy */;
		};
/* End PBXTargetDependency section */

/* Begin PBXVariantGroup section */
		C9709C5A18FC5F860012B8C8 /* InfoPlist.strings */ = {
			isa = PBXVariantGroup;
			children = (
				C9709C5B18FC5F860012B8C8 /* en */,
			);
			name = InfoPlist.strings;
			sourceTree = "<group>";
		};
		C9709C6318FC5F860012B8C8 /* Main.storyboard */ = {
			isa = PBXVariantGroup;
			children = (
				C9709C6418FC5F860012B8C8 /* Base */,
			);
			name = Main.storyboard;
			sourceTree = "<group>";
		};
		C9709C7918FC5F860012B8C8 /* InfoPlist.strings */ = {
			isa = PBXVariantGroup;
			children = (
				C9709C7A18FC5F860012B8C8 /* en */,
			);
			name = InfoPlist.strings;
			sourceTree = "<group>";
		};
/* End PBXVariantGroup section */

/* Begin XCBuildConfiguration section */
		C9709C7E18FC5F860012B8C8 /* Debug */ = {
			isa = XCBuildConfiguration;
			buildSettings = {
				ALWAYS_SEARCH_USER_PATHS = NO;
				CLANG_CXX_LANGUAGE_STANDARD = "gnu++0x";
				CLANG_CXX_LIBRARY = "libc++";
				CLANG_ENABLE_MODULES = YES;
				CLANG_ENABLE_OBJC_ARC = YES;
				CLANG_WARN_BOOL_CONVERSION = YES;
				CLANG_WARN_CONSTANT_CONVERSION = YES;
				CLANG_WARN_DIRECT_OBJC_ISA_USAGE = YES_ERROR;
				CLANG_WARN_EMPTY_BODY = YES;
				CLANG_WARN_ENUM_CONVERSION = YES;
				CLANG_WARN_INT_CONVERSION = YES;
				CLANG_WARN_OBJC_ROOT_CLASS = YES_ERROR;
				CLANG_WARN__DUPLICATE_METHOD_MATCH = YES;
				"CODE_SIGN_IDENTITY[sdk=iphoneos*]" = "iPhone Developer";
				COPY_PHASE_STRIP = NO;
				GCC_C_LANGUAGE_STANDARD = gnu99;
				GCC_DYNAMIC_NO_PIC = NO;
				GCC_OPTIMIZATION_LEVEL = 0;
				GCC_PREPROCESSOR_DEFINITIONS = (
					"DEBUG=1",
					"$(inherited)",
				);
				GCC_SYMBOLS_PRIVATE_EXTERN = NO;
				GCC_WARN_64_TO_32_BIT_CONVERSION = YES;
				GCC_WARN_ABOUT_RETURN_TYPE = YES_ERROR;
				GCC_WARN_UNDECLARED_SELECTOR = YES;
				GCC_WARN_UNINITIALIZED_AUTOS = YES_AGGRESSIVE;
				GCC_WARN_UNUSED_FUNCTION = YES;
				GCC_WARN_UNUSED_VARIABLE = YES;
				IPHONEOS_DEPLOYMENT_TARGET = 7.1;
				ONLY_ACTIVE_ARCH = YES;
				SDKROOT = iphoneos;
			};
			name = Debug;
		};
		C9709C7F18FC5F860012B8C8 /* Release */ = {
			isa = XCBuildConfiguration;
			buildSettings = {
				ALWAYS_SEARCH_USER_PATHS = NO;
				CLANG_CXX_LANGUAGE_STANDARD = "gnu++0x";
				CLANG_CXX_LIBRARY = "libc++";
				CLANG_ENABLE_MODULES = YES;
				CLANG_ENABLE_OBJC_ARC = YES;
				CLANG_WARN_BOOL_CONVERSION = YES;
				CLANG_WARN_CONSTANT_CONVERSION = YES;
				CLANG_WARN_DIRECT_OBJC_ISA_USAGE = YES_ERROR;
				CLANG_WARN_EMPTY_BODY = YES;
				CLANG_WARN_ENUM_CONVERSION = YES;
				CLANG_WARN_INT_CONVERSION = YES;
				CLANG_WARN_OBJC_ROOT_CLASS = YES_ERROR;
				CLANG_WARN__DUPLICATE_METHOD_MATCH = YES;
				"CODE_SIGN_IDENTITY[sdk=iphoneos*]" = "iPhone Developer";
				COPY_PHASE_STRIP = YES;
				ENABLE_NS_ASSERTIONS = NO;
				GCC_C_LANGUAGE_STANDARD = gnu99;
				GCC_WARN_64_TO_32_BIT_CONVERSION = YES;
				GCC_WARN_ABOUT_RETURN_TYPE = YES_ERROR;
				GCC_WARN_UNDECLARED_SELECTOR = YES;
				GCC_WARN_UNINITIALIZED_AUTOS = YES_AGGRESSIVE;
				GCC_WARN_UNUSED_FUNCTION = YES;
				GCC_WARN_UNUSED_VARIABLE = YES;
				IPHONEOS_DEPLOYMENT_TARGET = 7.1;
				SDKROOT = iphoneos;
				VALIDATE_PRODUCT = YES;
			};
			name = Release;
		};
		C9709C8118FC5F860012B8C8 /* Debug */ = {
			isa = XCBuildConfiguration;
			buildSettings = {
				ASSETCATALOG_COMPILER_APPICON_NAME = AppIcon;
				ASSETCATALOG_COMPILER_LAUNCHIMAGE_NAME = LaunchImage;
				GCC_PRECOMPILE_PREFIX_HEADER = YES;
				GCC_PREFIX_HEADER = "Morse Code/Morse Code-Prefix.pch";
				INFOPLIST_FILE = "Morse Code/Morse Code-Info.plist";
				PRODUCT_NAME = "$(TARGET_NAME)";
				WRAPPER_EXTENSION = app;
			};
			name = Debug;
		};
		C9709C8218FC5F860012B8C8 /* Release */ = {
			isa = XCBuildConfiguration;
			buildSettings = {
				ASSETCATALOG_COMPILER_APPICON_NAME = AppIcon;
				ASSETCATALOG_COMPILER_LAUNCHIMAGE_NAME = LaunchImage;
				GCC_PRECOMPILE_PREFIX_HEADER = YES;
				GCC_PREFIX_HEADER = "Morse Code/Morse Code-Prefix.pch";
				INFOPLIST_FILE = "Morse Code/Morse Code-Info.plist";
				PRODUCT_NAME = "$(TARGET_NAME)";
				WRAPPER_EXTENSION = app;
			};
			name = Release;
		};
		C9709C8418FC5F860012B8C8 /* Debug */ = {
			isa = XCBuildConfiguration;
			buildSettings = {
				BUNDLE_LOADER = "$(BUILT_PRODUCTS_DIR)/Morse Code.app/Morse Code";
				FRAMEWORK_SEARCH_PATHS = (
					"$(SDKROOT)/Developer/Library/Frameworks",
					"$(inherited)",
					"$(DEVELOPER_FRAMEWORKS_DIR)",
				);
				GCC_PRECOMPILE_PREFIX_HEADER = YES;
				GCC_PREFIX_HEADER = "Morse Code/Morse Code-Prefix.pch";
				GCC_PREPROCESSOR_DEFINITIONS = (
					"DEBUG=1",
					"$(inherited)",
				);
				INFOPLIST_FILE = "Morse CodeTests/Morse CodeTests-Info.plist";
				PRODUCT_NAME = "$(TARGET_NAME)";
				TEST_HOST = "$(BUNDLE_LOADER)";
				WRAPPER_EXTENSION = xctest;
			};
			name = Debug;
		};
		C9709C8518FC5F860012B8C8 /* Release */ = {
			isa = XCBuildConfiguration;
			buildSettings = {
				BUNDLE_LOADER = "$(BUILT_PRODUCTS_DIR)/Morse Code.app/Morse Code";
				FRAMEWORK_SEARCH_PATHS = (
					"$(SDKROOT)/Developer/Library/Frameworks",
					"$(inherited)",
					"$(DEVELOPER_FRAMEWORKS_DIR)",
				);
				GCC_PRECOMPILE_PREFIX_HEADER = YES;
				GCC_PREFIX_HEADER = "Morse Code/Morse Code-Prefix.pch";
				INFOPLIST_FILE = "Morse CodeTests/Morse CodeTests-Info.plist";
				PRODUCT_NAME = "$(TARGET_NAME)";
				TEST_HOST = "$(BUNDLE_LOADER)";
				WRAPPER_EXTENSION = xctest;
			};
			name = Release;
		};
/* End XCBuildConfiguration section */

/* Begin XCConfigurationList section */
		C9709C4918FC5F860012B8C8 /* Build configuration list for PBXProject "Morse Code" */ = {
			isa = XCConfigurationList;
			buildConfigurations = (
				C9709C7E18FC5F860012B8C8 /* Debug */,
				C9709C7F18FC5F860012B8C8 /* Release */,
			);
			defaultConfigurationIsVisible = 0;
			defaultConfigurationName = Release;
		};
		C9709C8018FC5F860012B8C8 /* Build configuration list for PBXNativeTarget "Morse Code" */ = {
			isa = XCConfigurationList;
			buildConfigurations = (
				C9709C8118FC5F860012B8C8 /* Debug */,
				C9709C8218FC5F860012B8C8 /* Release */,
			);
			defaultConfigurationIsVisible = 0;
			defaultConfigurationName = Release;
		};
		C9709C8318FC5F860012B8C8 /* Build configuration list for PBXNativeTarget "Morse CodeTests" */ = {
			isa = XCConfigurationList;
			buildConfigurations = (
				C9709C8418FC5F860012B8C8 /* Debug */,
				C9709C8518FC5F860012B8C8 /* Release */,
			);
			defaultConfigurationIsVisible = 0;
			defaultConfigurationName = Release;
		};
/* End XCConfigurationList section */
	};
	rootObject = C9709C4618FC5F860012B8C8 /* Project object */;
}
